
Microsoft Visual Studio Solution File, Format Version 12.00
# Visual Studio Version 16
VisualStudioVersion = 16.0.30804.86
MinimumVisualStudioVersion = 10.0.40219.1
Project("{FAE04EC0-301F-11D3-BF4B-00C04F79EFBC}") = "DiplomaData", "DiplomaData.csproj", "{6878CE7A-4B6D-4590-B140-8B210324B0A9}"
EndProject
Project("{FAE04EC0-301F-11D3-BF4B-00C04F79EFBC}") = "DiplomaData.Tests", "..\DiplomaData.Tests\DiplomaData.Tests.csproj", "{5D201434-42B8-443B-8D77-A91C25B8B223}"
EndProject
Global
	GlobalSection(SolutionConfigurationPlatforms) = preSolution
		Debug|Any CPU = Debug|Any CPU
		Release|Any CPU = Release|Any CPU
	EndGlobalSection
	GlobalSection(ProjectConfigurationPlatforms) = postSolution
		{6878CE7A-4B6D-4590-B140-8B210324B0A9}.Debug|Any CPU.ActiveCfg = Debug|Any CPU
		{6878CE7A-4B6D-4590-B140-8B210324B0A9}.Debug|Any CPU.Build.0 = Debug|Any CPU
		{6878CE7A-4B6D-4590-B140-8B210324B0A9}.Release|Any CPU.ActiveCfg = Release|Any CPU
		{6878CE7A-4B6D-4590-B140-8B210324B0A9}.Release|Any CPU.Build.0 = Release|Any CPU
		{5D201434-42B8-443B-8D77-A91C25B8B223}.Debug|Any CPU.ActiveCfg = Debug|Any CPU
		{5D201434-42B8-443B-8D77-A91C25B8B223}.Debug|Any CPU.Build.0 = Debug|Any CPU
		{5D201434-42B8-443B-8D77-A91C25B8B223}.Release|Any CPU.ActiveCfg = Release|Any CPU
		{5D201434-42B8-443B-8D77-A91C25B8B223}.Release|Any CPU.Build.0 = Release|Any CPU
	EndGlobalSection
	GlobalSection(SolutionProperties) = preSolution
		HideSolutionNode = FALSE
	EndGlobalSection
	GlobalSection(ExtensibilityGlobals) = postSolution
		SolutionGuid = {48C82B02-B942-4ECB-A5EC-86382006899F}
	EndGlobalSection
EndGlobal
